
Microsoft Visual Studio Solution File, Format Version 12.00
# Visual Studio Version 17
VisualStudioVersion = 17.0.32014.148
MinimumVisualStudioVersion = 10.0.40219.1
Project("{FAE04EC0-301F-11D3-BF4B-00C04F79EFBC}") = "WeatherApp", "WeatherApp\WeatherApp.csproj", "{237A973E-9EEE-4279-A1C6-EC064CF8E710}"
EndProject
Project("{2150E333-8FDC-42A3-9474-1A3956D46DE8}") = "Solution Items", "Solution Items", "{82D531C3-0AB9-41D2-AE9E-3B3AE30A70C9}"
	ProjectSection(SolutionItems) = preProject
		.editorconfig = .editorconfig
	EndProjectSection
EndProject
Global
	GlobalSection(SolutionConfigurationPlatforms) = preSolution
		Debug|Any CPU = Debug|Any CPU
		Release|Any CPU = Release|Any CPU
	EndGlobalSection
	GlobalSection(ProjectConfigurationPlatforms) = postSolution
		{237A973E-9EEE-4279-A1C6-EC064CF8E710}.Debug|Any CPU.ActiveCfg = Debug|Any CPU
		{237A973E-9EEE-4279-A1C6-EC064CF8E710}.Debug|Any CPU.Build.0 = Debug|Any CPU
		{237A973E-9EEE-4279-A1C6-EC064CF8E710}.Release|Any CPU.ActiveCfg = Release|Any CPU
		{237A973E-9EEE-4279-A1C6-EC064CF8E710}.Release|Any CPU.Build.0 = Release|Any CPU
	EndGlobalSection
	GlobalSection(SolutionProperties) = preSolution
		HideSolutionNode = FALSE
	EndGlobalSection
	GlobalSection(ExtensibilityGlobals) = postSolution
		SolutionGuid = {D0A813D1-DFD6-4FFD-A847-944646A4D627}
	EndGlobalSection
EndGlobal
